// !$*UTF8*$!
{
	archiveVersion = 1;
	classes = {
	};
	objectVersion = 46;
	objects = {

/* Begin PBXBuildFile section */
		04B30F2A1B68C5C100D3F979 /* main.m in Sources */ = {isa = PBXBuildFile; fileRef = 04B30F291B68C5C100D3F979 /* main.m */; };
		04B30F2D1B68C5C100D3F979 /* AppDelegate.m in Sources */ = {isa = PBXBuildFile; fileRef = 04B30F2C1B68C5C100D3F979 /* AppDelegate.m */; };
		04B30F301B68C5C100D3F979 /* ViewController.m in Sources */ = {isa = PBXBuildFile; fileRef = 04B30F2F1B68C5C100D3F979 /* ViewController.m */; };
		04B30F331B68C5C100D3F979 /* Main.storyboard in Resources */ = {isa = PBXBuildFile; fileRef = 04B30F311B68C5C100D3F979 /* Main.storyboard */; };
		04B30F351B68C5C100D3F979 /* Images.xcassets in Resources */ = {isa = PBXBuildFile; fileRef = 04B30F341B68C5C100D3F979 /* Images.xcassets */; };
		04B30F381B68C5C100D3F979 /* LaunchScreen.xib in Resources */ = {isa = PBXBuildFile; fileRef = 04B30F361B68C5C100D3F979 /* LaunchScreen.xib */; };
		04B30F441B68C5C100D3F979 /* EarthAroundSunTests.m in Sources */ = {isa = PBXBuildFile; fileRef = 04B30F431B68C5C100D3F979 /* EarthAroundSunTests.m */; };
/* End PBXBuildFile section */

/* Begin PBXContainerItemProxy section */
		04B30F3E1B68C5C100D3F979 /* PBXContainerItemProxy */ = {
			isa = PBXContainerItemProxy;
			containerPortal = 04B30F1C1B68C5C100D3F979 /* Project object */;
			proxyType = 1;
			remoteGlobalIDString = 04B30F231B68C5C100D3F979;
			remoteInfo = EarthAroundSun;
		};
/* End PBXContainerItemProxy section */

/* Begin PBXFileReference section */
		04B30F241B68C5C100D3F979 /* EarthAroundSun.app */ = {isa = PBXFileReference; explicitFileType = wrapper.application; includeInIndex = 0; path = EarthAroundSun.app; sourceTree = BUILT_PRODUCTS_DIR; };
		04B30F281B68C5C100D3F979 /* Info.plist */ = {isa = PBXFileReference; lastKnownFileType = text.plist.xml; path = Info.plist; sourceTree = "<group>"; };
		04B30F291B68C5C100D3F979 /* main.m */ = {isa = PBXFileReference; lastKnownFileType = sourcecode.c.objc; path = main.m; sourceTree = "<group>"; };
		04B30F2B1B68C5C100D3F979 /* AppDelegate.h */ = {isa = PBXFileReference; lastKnownFileType = sourcecode.c.h; path = AppDelegate.h; sourceTree = "<group>"; };
		04B30F2C1B68C5C100D3F979 /* AppDelegate.m */ = {isa = PBXFileReference; lastKnownFileType = sourcecode.c.objc; path = AppDelegate.m; sourceTree = "<group>"; };
		04B30F2E1B68C5C100D3F979 /* ViewController.h */ = {isa = PBXFileReference; lastKnownFileType = sourcecode.c.h; path = ViewController.h; sourceTree = "<group>"; };
		04B30F2F1B68C5C100D3F979 /* ViewController.m */ = {isa = PBXFileReference; lastKnownFileType = sourcecode.c.objc; path = ViewController.m; sourceTree = "<group>"; };
		04B30F321B68C5C100D3F979 /* Base */ = {isa = PBXFileReference; lastKnownFileType = file.storyboard; name = Base; path = Base.lproj/Main.storyboard; sourceTree = "<group>"; };
		04B30F341B68C5C100D3F979 /* Images.xcassets */ = {isa = PBXFileReference; lastKnownFileType = folder.assetcatalog; path = Images.xcassets; sourceTree = "<group>"; };
		04B30F371B68C5C100D3F979 /* Base */ = {isa = PBXFileReference; lastKnownFileType = file.xib; name = Base; path = Base.lproj/LaunchScreen.xib; sourceTree = "<group>"; };
		04B30F3D1B68C5C100D3F979 /* EarthAroundSunTests.xctest */ = {isa = PBXFileReference; explicitFileType = wrapper.cfbundle; includeInIndex = 0; path = EarthAroundSunTests.xctest; sourceTree = BUILT_PRODUCTS_DIR; };
		04B30F421B68C5C100D3F979 /* Info.plist */ = {isa = PBXFileReference; lastKnownFileType = text.plist.xml; path = Info.plist; sourceTree = "<group>"; };
		04B30F431B68C5C100D3F979 /* EarthAroundSunTests.m */ = {isa = PBXFileReference; lastKnownFileType = sourcecode.c.objc; path = EarthAroundSunTests.m; sourceTree = "<group>"; };
/* End PBXFileReference section */

/* Begin PBXFrameworksBuildPhase section */
		04B30F211B68C5C100D3F979 /* Frameworks */ = {
			isa = PBXFrameworksBuildPhase;
			buildActionMask = 2147483647;
			files = (
			);
			runOnlyForDeploymentPostprocessing = 0;
		};
		04B30F3A1B68C5C100D3F979 /* Frameworks */ = {
			isa = PBXFrameworksBuildPhase;
			buildActionMask = 2147483647;
			files = (
			);
			runOnlyForDeploymentPostprocessing = 0;
		};
/* End PBXFrameworksBuildPhase section */

/* Begin PBXGroup section */
		04B30F1B1B68C5C100D3F979 = {
			isa = PBXGroup;
			children = (
				04B30F261B68C5C100D3F979 /* EarthAroundSun */,
				04B30F401B68C5C100D3F979 /* EarthAroundSunTests */,
				04B30F251B68C5C100D3F979 /* Products */,
			);
			sourceTree = "<group>";
		};
		04B30F251B68C5C100D3F979 /* Products */ = {
			isa = PBXGroup;
			children = (
				04B30F241B68C5C100D3F979 /* EarthAroundSun.app */,
				04B30F3D1B68C5C100D3F979 /* EarthAroundSunTests.xctest */,
			);
			name = Products;
			sourceTree = "<group>";
		};
		04B30F261B68C5C100D3F979 /* EarthAroundSun */ = {
			isa = PBXGroup;
			children = (
				04B30F2B1B68C5C100D3F979 /* AppDelegate.h */,
				04B30F2C1B68C5C100D3F979 /* AppDelegate.m */,
				04B30F2E1B68C5C100D3F979 /* ViewController.h */,
				04B30F2F1B68C5C100D3F979 /* ViewController.m */,
				04B30F311B68C5C100D3F979 /* Main.storyboard */,
				04B30F341B68C5C100D3F979 /* Images.xcassets */,
				04B30F361B68C5C100D3F979 /* LaunchScreen.xib */,
				04B30F271B68C5C100D3F979 /* Supporting Files */,
			);
			path = EarthAroundSun;
			sourceTree = "<group>";
		};
		04B30F271B68C5C100D3F979 /* Supporting Files */ = {
			isa = PBXGroup;
			children = (
				04B30F281B68C5C100D3F979 /* Info.plist */,
				04B30F291B68C5C100D3F979 /* main.m */,
			);
			name = "Supporting Files";
			sourceTree = "<group>";
		};
		04B30F401B68C5C100D3F979 /* EarthAroundSunTests */ = {
			isa = PBXGroup;
			children = (
				04B30F431B68C5C100D3F979 /* EarthAroundSunTests.m */,
				04B30F411B68C5C100D3F979 /* Supporting Files */,
			);
			path = EarthAroundSunTests;
			sourceTree = "<group>";
		};
		04B30F411B68C5C100D3F979 /* Supporting Files */ = {
			isa = PBXGroup;
			children = (
				04B30F421B68C5C100D3F979 /* Info.plist */,
			);
			name = "Supporting Files";
			sourceTree = "<group>";
		};
/* End PBXGroup section */

/* Begin PBXNativeTarget section */
		04B30F231B68C5C100D3F979 /* EarthAroundSun */ = {
			isa = PBXNativeTarget;
			buildConfigurationList = 04B30F471B68C5C100D3F979 /* Build configuration list for PBXNativeTarget "EarthAroundSun" */;
			buildPhases = (
				04B30F201B68C5C100D3F979 /* Sources */,
				04B30F211B68C5C100D3F979 /* Frameworks */,
				04B30F221B68C5C100D3F979 /* Resources */,
			);
			buildRules = (
			);
			dependencies = (
			);
			name = EarthAroundSun;
			productName = EarthAroundSun;
			productReference = 04B30F241B68C5C100D3F979 /* EarthAroundSun.app */;
			productType = "com.apple.product-type.application";
		};
		04B30F3C1B68C5C100D3F979 /* EarthAroundSunTests */ = {
			isa = PBXNativeTarget;
			buildConfigurationList = 04B30F4A1B68C5C100D3F979 /* Build configuration list for PBXNativeTarget "EarthAroundSunTests" */;
			buildPhases = (
				04B30F391B68C5C100D3F979 /* Sources */,
				04B30F3A1B68C5C100D3F979 /* Frameworks */,
				04B30F3B1B68C5C100D3F979 /* Resources */,
			);
			buildRules = (
			);
			dependencies = (
				04B30F3F1B68C5C100D3F979 /* PBXTargetDependency */,
			);
			name = EarthAroundSunTests;
			productName = EarthAroundSunTests;
			productReference = 04B30F3D1B68C5C100D3F979 /* EarthAroundSunTests.xctest */;
			productType = "com.apple.product-type.bundle.unit-test";
		};
/* End PBXNativeTarget section */

/* Begin PBXProject section */
		04B30F1C1B68C5C100D3F979 /* Project object */ = {
			isa = PBXProject;
			attributes = {
				LastUpgradeCheck = 0630;
				ORGANIZATIONNAME = mac;
				TargetAttributes = {
					04B30F231B68C5C100D3F979 = {
						CreatedOnToolsVersion = 6.3.2;
					};
					04B30F3C1B68C5C100D3F979 = {
						CreatedOnToolsVersion = 6.3.2;
						TestTargetID = 04B30F231B68C5C100D3F979;
					};
				};
			};
			buildConfigurationList = 04B30F1F1B68C5C100D3F979 /* Build configuration list for PBXProject "EarthAroundSun" */;
			compatibilityVersion = "Xcode 3.2";
			developmentRegion = English;
			hasScannedForEncodings = 0;
			knownRegions = (
				en,
				Base,
			);
			mainGroup = 04B30F1B1B68C5C100D3F979;
			productRefGroup = 04B30F251B68C5C100D3F979 /* Products */;
			projectDirPath = "";
			projectRoot = "";
			targets = (
				04B30F231B68C5C100D3F979 /* EarthAroundSun */,
				04B30F3C1B68C5C100D3F979 /* EarthAroundSunTests */,
			);
		};
/* End PBXProject section */

/* Begin PBXResourcesBuildPhase section */
		04B30F221B68C5C100D3F979 /* Resources */ = {
			isa = PBXResourcesBuildPhase;
			buildActionMask = 2147483647;
			files = (
				04B30F331B68C5C100D3F979 /* Main.storyboard in Resources */,
				04B30F381B68C5C100D3F979 /* LaunchScreen.xib in Resources */,
				04B30F351B68C5C100D3F979 /* Images.xcassets in Resources */,
			);
			runOnlyForDeploymentPostprocessing = 0;
		};
		04B30F3B1B68C5C100D3F979 /* Resources */ = {
			isa = PBXResourcesBuildPhase;
			buildActionMask = 2147483647;
			files = (
			);
			runOnlyForDeploymentPostprocessing = 0;
		};
/* End PBXResourcesBuildPhase section */

/* Begin PBXSourcesBuildPhase section */
		04B30F201B68C5C100D3F979 /* Sources */ = {
			isa = PBXSourcesBuildPhase;
			buildActionMask = 2147483647;
			files = (
				04B30F301B68C5C100D3F979 /* ViewController.m in Sources */,
				04B30F2D1B68C5C100D3F979 /* AppDelegate.m in Sources */,
				04B30F2A1B68C5C100D3F979 /* main.m in Sources */,
			);
			runOnlyForDeploymentPostprocessing = 0;
		};
		04B30F391B68C5C100D3F979 /* Sources */ = {
			isa = PBXSourcesBuildPhase;
			buildActionMask = 2147483647;
			files = (
				04B30F441B68C5C100D3F979 /* EarthAroundSunTests.m in Sources */,
			);
			runOnlyForDeploymentPostprocessing = 0;
		};
/* End PBXSourcesBuildPhase section */

/* Begin PBXTargetDependency section */
		04B30F3F1B68C5C100D3F979 /* PBXTargetDependency */ = {
			isa = PBXTargetDependency;
			target = 04B30F231B68C5C100D3F979 /* EarthAroundSun */;
			targetProxy = 04B30F3E1B68C5C100D3F979 /* PBXContainerItemProxy */;
		};
/* End PBXTargetDependency section */

/* Begin PBXVariantGroup section */
		04B30F311B68C5C100D3F979 /* Main.storyboard */ = {
			isa = PBXVariantGroup;
			children = (
				04B30F321B68C5C100D3F979 /* Base */,
			);
			name = Main.storyboard;
			sourceTree = "<group>";
		};
		04B30F361B68C5C100D3F979 /* LaunchScreen.xib */ = {
			isa = PBXVariantGroup;
			children = (
				04B30F371B68C5C100D3F979 /* Base */,
			);
			name = LaunchScreen.xib;
			sourceTree = "<group>";
		};
/* End PBXVariantGroup section */

/* Begin XCBuildConfiguration section */
		04B30F451B68C5C100D3F979 /* Debug */ = {
			isa = XCBuildConfiguration;
			buildSettings = {
				ALWAYS_SEARCH_USER_PATHS = NO;
				CLANG_CXX_LANGUAGE_STANDARD = "gnu++0x";
				CLANG_CXX_LIBRARY = "libc++";
				CLANG_ENABLE_MODULES = YES;
				CLANG_ENABLE_OBJC_ARC = YES;
				CLANG_WARN_BOOL_CONVERSION = YES;
				CLANG_WARN_CONSTANT_CONVERSION = YES;
				CLANG_WARN_DIRECT_OBJC_ISA_USAGE = YES_ERROR;
				CLANG_WARN_EMPTY_BODY = YES;
				CLANG_WARN_ENUM_CONVERSION = YES;
				CLANG_WARN_INT_CONVERSION = YES;
				CLANG_WARN_OBJC_ROOT_CLASS = YES_ERROR;
				CLANG_WARN_UNREACHABLE_CODE = YES;
				CLANG_WARN__DUPLICATE_METHOD_MATCH = YES;
				"CODE_SIGN_IDENTITY[sdk=iphoneos*]" = "iPhone Developer";
				COPY_PHASE_STRIP = NO;
				DEBUG_INFORMATION_FORMAT = "dwarf-with-dsym";
				ENABLE_STRICT_OBJC_MSGSEND = YES;
				GCC_C_LANGUAGE_STANDARD = gnu99;
				GCC_DYNAMIC_NO_PIC = NO;
				GCC_NO_COMMON_BLOCKS = YES;
				GCC_OPTIMIZATION_LEVEL = 0;
				GCC_PREPROCESSOR_DEFINITIONS = (
					"DEBUG=1",
					"$(inherited)",
				);
				GCC_SYMBOLS_PRIVATE_EXTERN = NO;
				GCC_WARN_64_TO_32_BIT_CONVERSION = YES;
				GCC_WARN_ABOUT_RETURN_TYPE = YES_ERROR;
				GCC_WARN_UNDECLARED_SELECTOR = YES;
				GCC_WARN_UNINITIALIZED_AUTOS = YES_AGGRESSIVE;
				GCC_WARN_UNUSED_FUNCTION = YES;
				GCC_WARN_UNUSED_VARIABLE = YES;
				IPHONEOS_DEPLOYMENT_TARGET = 8.3;
				MTL_ENABLE_DEBUG_INFO = YES;
				ONLY_ACTIVE_ARCH = YES;
				SDKROOT = iphoneos;
				TARGETED_DEVICE_FAMILY = "1,2";
			};
			name = Debug;
		};
		04B30F461B68C5C100D3F979 /* Release */ = {
			isa = XCBuildConfiguration;
			buildSettings = {
				ALWAYS_SEARCH_USER_PATHS = NO;
				CLANG_CXX_LANGUAGE_STANDARD = "gnu++0x";
				CLANG_CXX_LIBRARY = "libc++";
				CLANG_ENABLE_MODULES = YES;
				CLANG_ENABLE_OBJC_ARC = YES;
				CLANG_WARN_BOOL_CONVERSION = YES;
				CLANG_WARN_CONSTANT_CONVERSION = YES;
				CLANG_WARN_DIRECT_OBJC_ISA_USAGE = YES_ERROR;
				CLANG_WARN_EMPTY_BODY = YES;
				CLANG_WARN_ENUM_CONVERSION = YES;
				CLANG_WARN_INT_CONVERSION = YES;
				CLANG_WARN_OBJC_ROOT_CLASS = YES_ERROR;
				CLANG_WARN_UNREACHABLE_CODE = YES;
				CLANG_WARN__DUPLICATE_METHOD_MATCH = YES;
				"CODE_SIGN_IDENTITY[sdk=iphoneos*]" = "iPhone Developer";
				COPY_PHASE_STRIP = NO;
				DEBUG_INFORMATION_FORMAT = "dwarf-with-dsym";
				ENABLE_NS_ASSERTIONS = NO;
				ENABLE_STRICT_OBJC_MSGSEND = YES;
				GCC_C_LANGUAGE_STANDARD = gnu99;
				GCC_NO_COMMON_BLOCKS = YES;
				GCC_WARN_64_TO_32_BIT_CONVERSION = YES;
				GCC_WARN_ABOUT_RETURN_TYPE = YES_ERROR;
				GCC_WARN_UNDECLARED_SELECTOR = YES;
				GCC_WARN_UNINITIALIZED_AUTOS = YES_AGGRESSIVE;
				GCC_WARN_UNUSED_FUNCTION = YES;
				GCC_WARN_UNUSED_VARIABLE = YES;
				IPHONEOS_DEPLOYMENT_TARGET = 8.3;
				MTL_ENABLE_DEBUG_INFO = NO;
				SDKROOT = iphoneos;
				TARGETED_DEVICE_FAMILY = "1,2";
				VALIDATE_PRODUCT = YES;
			};
			name = Release;
		};
		04B30F481B68C5C100D3F979 /* Debug */ = {
			isa = XCBuildConfiguration;
			buildSettings = {
				ASSETCATALOG_COMPILER_APPICON_NAME = AppIcon;
				INFOPLIST_FILE = EarthAroundSun/Info.plist;
				LD_RUNPATH_SEARCH_PATHS = "$(inherited) @executable_path/Frameworks";
				PRODUCT_NAME = "$(TARGET_NAME)";
			};
			name = Debug;
		};
		04B30F491B68C5C100D3F979 /* Release */ = {
			isa = XCBuildConfiguration;
			buildSettings = {
				ASSETCATALOG_COMPILER_APPICON_NAME = AppIcon;
				INFOPLIST_FILE = EarthAroundSun/Info.plist;
				LD_RUNPATH_SEARCH_PATHS = "$(inherited) @executable_path/Frameworks";
				PRODUCT_NAME = "$(TARGET_NAME)";
			};
			name = Release;
		};
		04B30F4B1B68C5C100D3F979 /* Debug */ = {
			isa = XCBuildConfiguration;
			buildSettings = {
				BUNDLE_LOADER = "$(TEST_HOST)";
				FRAMEWORK_SEARCH_PATHS = (
					"$(SDKROOT)/Developer/Library/Frameworks",
					"$(inherited)",
				);
				GCC_PREPROCESSOR_DEFINITIONS = (
					"DEBUG=1",
					"$(inherited)",
				);
				INFOPLIST_FILE = EarthAroundSunTests/Info.plist;
				LD_RUNPATH_SEARCH_PATHS = "$(inherited) @executable_path/Frameworks @loader_path/Frameworks";
				PRODUCT_NAME = "$(TARGET_NAME)";
				TEST_HOST = "$(BUILT_PRODUCTS_DIR)/EarthAroundSun.app/EarthAroundSun";
			};
			name = Debug;
		};
		04B30F4C1B68C5C100D3F979 /* Release */ = {
			isa = XCBuildConfiguration;
			buildSettings = {
				BUNDLE_LOADER = "$(TEST_HOST)";
				FRAMEWORK_SEARCH_PATHS = (
					"$(SDKROOT)/Developer/Library/Frameworks",
					"$(inherited)",
				);
				INFOPLIST_FILE = EarthAroundSunTests/Info.plist;
				LD_RUNPATH_SEARCH_PATHS = "$(inherited) @executable_path/Frameworks @loader_path/Frameworks";
				PRODUCT_NAME = "$(TARGET_NAME)";
				TEST_HOST = "$(BUILT_PRODUCTS_DIR)/EarthAroundSun.app/EarthAroundSun";
			};
			name = Release;
		};
/* End XCBuildConfiguration section */

/* Begin XCConfigurationList section */
		04B30F1F1B68C5C100D3F979 /* Build configuration list for PBXProject "EarthAroundSun" */ = {
			isa = XCConfigurationList;
			buildConfigurations = (
				04B30F451B68C5C100D3F979 /* Debug */,
				04B30F461B68C5C100D3F979 /* Release */,
			);
			defaultConfigurationIsVisible = 0;
			defaultConfigurationName = Release;
		};
		04B30F471B68C5C100D3F979 /* Build configuration list for PBXNativeTarget "EarthAroundSun" */ = {
			isa = XCConfigurationList;
			buildConfigurations = (
				04B30F481B68C5C100D3F979 /* Debug */,
				04B30F491B68C5C100D3F979 /* Release */,
			);
			defaultConfigurationIsVisible = 0;
		};
		04B30F4A1B68C5C100D3F979 /* Build configuration list for PBXNativeTarget "EarthAroundSunTests" */ = {
			isa = XCConfigurationList;
			buildConfigurations = (
				04B30F4B1B68C5C100D3F979 /* Debug */,
				04B30F4C1B68C5C100D3F979 /* Release */,
			);
			defaultConfigurationIsVisible = 0;
		};
/* End XCConfigurationList section */
	};
	rootObject = 04B30F1C1B68C5C100D3F979 /* Project object */;
}
